
Microsoft Visual Studio Solution File, Format Version 12.00
# Visual Studio Version 16
VisualStudioVersion = 16.0.29920.165
MinimumVisualStudioVersion = 10.0.40219.1
Project("{2150E333-8FDC-42A3-9474-1A3956D46DE8}") = "CleanArch.Application", "CleanArch.Application", "{2D5A695A-C958-427C-A938-B3A8EB6D0E67}"
EndProject
Project("{2150E333-8FDC-42A3-9474-1A3956D46DE8}") = "CleanArch.Domain", "CleanArch.Domain", "{D1871EEF-BF92-4FE5-9213-5F586FC3318C}"
EndProject
Project("{2150E333-8FDC-42A3-9474-1A3956D46DE8}") = "CleanArch.Infra.Data", "CleanArch.Infra.Data", "{CE6A1849-83A5-4BD2-9BED-C165C790CFAB}"
EndProject
Project("{2150E333-8FDC-42A3-9474-1A3956D46DE8}") = "CleanArch.Infra.IoC", "CleanArch.Infra.IoC", "{FB7D1B77-D57A-49DF-8E94-6253C0572220}"
EndProject
Project("{2150E333-8FDC-42A3-9474-1A3956D46DE8}") = "CleanArch.UI.Mvc", "CleanArch.UI.Mvc", "{7ABE6628-2A38-4898-AEB2-D5A72C941307}"
EndProject
Project("{2150E333-8FDC-42A3-9474-1A3956D46DE8}") = "XXX", "XXX", "{0B8F4B95-3B02-4026-AD6C-6C450662144F}"
EndProject
Global
	GlobalSection(SolutionProperties) = preSolution
		HideSolutionNode = FALSE
	EndGlobalSection
	GlobalSection(ExtensibilityGlobals) = postSolution
		SolutionGuid = {EF939A0F-1652-4E5B-8CA6-CA6428B904A3}
	EndGlobalSection
EndGlobal
