
Microsoft Visual Studio Solution File, Format Version 12.00
# Visual Studio Version 16
VisualStudioVersion = 16.0.29920.165
MinimumVisualStudioVersion = 10.0.40219.1
Project("{2150E333-8FDC-42A3-9474-1A3956D46DE8}") = "CleanArch.Application", "CleanArch.Application", "{E3CA8BA5-E1E7-4F27-8AB9-67C5A158BED0}"
EndProject
Project("{2150E333-8FDC-42A3-9474-1A3956D46DE8}") = "CleanArch.Domain", "CleanArch.Domain", "{C40BE5E7-6A62-4E73-9213-56A18CE9030A}"
EndProject
Project("{2150E333-8FDC-42A3-9474-1A3956D46DE8}") = "CleanArch.Infra.Data", "CleanArch.Infra.Data", "{6B723863-15FB-4737-958B-6A471481209B}"
EndProject
Project("{2150E333-8FDC-42A3-9474-1A3956D46DE8}") = "CleanArch.Infra.Ioc", "CleanArch.Infra.Ioc", "{BF41A027-6096-4A0B-9900-55F290D900B0}"
EndProject
Project("{2150E333-8FDC-42A3-9474-1A3956D46DE8}") = "CleanArch.UI.MVC", "CleanArch.UI.MVC", "{054E70D7-4741-42BA-BB33-888CA7B9B56D}"
EndProject
Project("{FAE04EC0-301F-11D3-BF4B-00C04F79EFBC}") = "WebApplication1", "WebApplication1\WebApplication1.csproj", "{7D2B166B-31A8-4443-ACF3-6B93BCF36BCF}"
EndProject
Global
	GlobalSection(SolutionConfigurationPlatforms) = preSolution
		Debug|Any CPU = Debug|Any CPU
		Release|Any CPU = Release|Any CPU
	EndGlobalSection
	GlobalSection(ProjectConfigurationPlatforms) = postSolution
		{7D2B166B-31A8-4443-ACF3-6B93BCF36BCF}.Debug|Any CPU.ActiveCfg = Debug|Any CPU
		{7D2B166B-31A8-4443-ACF3-6B93BCF36BCF}.Debug|Any CPU.Build.0 = Debug|Any CPU
		{7D2B166B-31A8-4443-ACF3-6B93BCF36BCF}.Release|Any CPU.ActiveCfg = Release|Any CPU
		{7D2B166B-31A8-4443-ACF3-6B93BCF36BCF}.Release|Any CPU.Build.0 = Release|Any CPU
	EndGlobalSection
	GlobalSection(SolutionProperties) = preSolution
		HideSolutionNode = FALSE
	EndGlobalSection
	GlobalSection(NestedProjects) = preSolution
		{7D2B166B-31A8-4443-ACF3-6B93BCF36BCF} = {E3CA8BA5-E1E7-4F27-8AB9-67C5A158BED0}
	EndGlobalSection
	GlobalSection(ExtensibilityGlobals) = postSolution
		SolutionGuid = {EF939A0F-1652-4E5B-8CA6-CA6428B904A3}
	EndGlobalSection
EndGlobal
